
Microsoft Visual Studio Solution File, Format Version 12.00
# Visual Studio Version 16
VisualStudioVersion = 16.0.29521.150
MinimumVisualStudioVersion = 10.0.40219.1
Project("{FAE04EC0-301F-11D3-BF4B-00C04F79EFBC}") = "WebCIIPMaestrosERP", "WebCIIPMaestrosERP\WebCIIPMaestrosERP.csproj", "{96D7DFC0-74AA-4F2B-A093-B146B693E09D}"
EndProject
Global
	GlobalSection(SolutionConfigurationPlatforms) = preSolution
		Debug|Any CPU = Debug|Any CPU
		Release|Any CPU = Release|Any CPU
	EndGlobalSection
	GlobalSection(ProjectConfigurationPlatforms) = postSolution
		{96D7DFC0-74AA-4F2B-A093-B146B693E09D}.Debug|Any CPU.ActiveCfg = Debug|Any CPU
		{96D7DFC0-74AA-4F2B-A093-B146B693E09D}.Debug|Any CPU.Build.0 = Debug|Any CPU
		{96D7DFC0-74AA-4F2B-A093-B146B693E09D}.Release|Any CPU.ActiveCfg = Release|Any CPU
		{96D7DFC0-74AA-4F2B-A093-B146B693E09D}.Release|Any CPU.Build.0 = Release|Any CPU
	EndGlobalSection
	GlobalSection(SolutionProperties) = preSolution
		HideSolutionNode = FALSE
	EndGlobalSection
	GlobalSection(ExtensibilityGlobals) = postSolution
		SolutionGuid = {C9049A2B-F112-4D93-95F1-3086E099B6A9}
	EndGlobalSection
EndGlobal
